{
  "nodes": {
    "nixpkgs": {
      "locked": {
        "lastModified": 1758813675,
        "narHash": "sha256-cTjOAzgVQrjBvZLAdnY4+AhWdiAzdvEQ69/ZcxNo3Lo=",
        "rev": "e643668fd71b949c53f8626614b21ff71a07379d",
        "type": "tarball",
        "url": "https://releases.nixos.org/nixos/unstable/nixos-25.11pre866707.e643668fd71b/nixexprs.tar.xz"
      },
      "original": {
        "type": "tarball",
        "url": "https://channels.nixos.org/nixos-unstable/nixexprs.tar.xz"
      }
    },
    "root": {
      "inputs": {
        "nixpkgs": "nixpkgs"
      }
    }
  },
  "root": "root",
  "version": 7
}
