{
  "nodes": {
    "nixpkgs": {
      "locked": {
        "lastModified": 1756491981,
        "narHash": "sha256-g7jYg1kDSArPsnYQISVZlZmN4kzq0hNhRTlYlldh148=",
        "rev": "84fddb6f4ccf28d904b0d82d1878c36f94c6b629",
        "type": "tarball",
        "url": "https://releases.nixos.org/nixos/unstable-small/nixos-25.11pre853730.84fddb6f4ccf/nixexprs.tar.xz"
      },
      "original": {
        "type": "tarball",
        "url": "https://channels.nixos.org/nixos-unstable-small/nixexprs.tar.xz"
      }
    },
    "root": {
      "inputs": {
        "nixpkgs": "nixpkgs"
      }
    }
  },
  "root": "root",
  "version": 7
}
